# @generated - this file is auto-generated by `mise lock` https://mise.jdx.dev/dev-tools/mise-lock.html

[[tools.node]]
version = "24.15.0"
backend = "core:node"

[tools.node."platforms.linux-arm64"]
checksum = "sha256:73afc234d558c24919875f51c2d1ea002a2ada4ea6f83601a383869fefa64eed"
url = "https://nodejs.org/dist/v24.15.0/node-v24.15.0-linux-arm64.tar.gz"

[tools.node."platforms.linux-arm64-musl"]
checksum = "sha256:31e98aa960a067da91edffd5d93bc46657b5d2a8029612c359f5f2ac0060152a"
url = "https://unofficial-builds.nodejs.org/download/release/v24.15.0/node-v24.15.0-linux-arm64-musl.tar.gz"

[tools.node."platforms.linux-x64"]
checksum = "sha256:44836872d9aec49f1e6b52a9a922872db9a2b02d235a616a5681b6a85fec8d89"
url = "https://nodejs.org/dist/v24.15.0/node-v24.15.0-linux-x64.tar.gz"

[tools.node."platforms.linux-x64-musl"]
checksum = "sha256:f55af5bd489c5347b113ca6594cae00a54b30ba57ac5875324311bfc6f4762e3"
url = "https://unofficial-builds.nodejs.org/download/release/v24.15.0/node-v24.15.0-linux-x64-musl.tar.gz"

[tools.node."platforms.macos-arm64"]
checksum = "sha256:372331b969779ab5d15b949884fc6eaf88d5afe87bde8ba881d6400b9100ffc4"
url = "https://nodejs.org/dist/v24.15.0/node-v24.15.0-darwin-arm64.tar.gz"

[tools.node."platforms.macos-x64"]
checksum = "sha256:ffd5ee293467927f3ee731a553eb88fd1f48cf74eebc2d74a6babe4af228673b"
url = "https://nodejs.org/dist/v24.15.0/node-v24.15.0-darwin-x64.tar.gz"

[tools.node."platforms.windows-x64"]
checksum = "sha256:cc5149eabd53779ce1e7bdc5401643622d0c7e6800ade18928a767e940bb0e62"
url = "https://nodejs.org/dist/v24.15.0/node-v24.15.0-win-x64.zip"

[[tools."npm:oazapfts"]]
version = "7.5.0"
backend = "npm:oazapfts"

[[tools.pnpm]]
version = "11.17.0"
backend = "aqua:pnpm/pnpm"

[tools.pnpm."platforms.linux-arm64"]
checksum = "sha256:730d17de742a3efbb020ba91d7acfc0456c6ba6ad1cd8eb49f4c229fe9f504d3"
url = "https://github.com/pnpm/pnpm/releases/download/v11.17.0/pnpm-linux-arm64.tar.gz"
url_api = "https://api.github.com/repos/pnpm/pnpm/releases/assets/487422123"
provenance = "github-attestations"

[tools.pnpm."platforms.linux-arm64-musl"]
checksum = "sha256:cc072c0e7bdd290f52fb9afdcea778ede69f96f0f4dae63623163fc11d4beec3"
url = "https://github.com/pnpm/pnpm/releases/download/v11.17.0/pnpm-linux-arm64-musl.tar.gz"
url_api = "https://api.github.com/repos/pnpm/pnpm/releases/assets/487422121"
provenance = "github-attestations"

[tools.pnpm."platforms.linux-x64"]
checksum = "sha256:bdb1db01bf0f757495405a59a09c5c287f315889dc98d3b14bc374b9fe43a0bf"
url = "https://github.com/pnpm/pnpm/releases/download/v11.17.0/pnpm-linux-x64.tar.gz"
url_api = "https://api.github.com/repos/pnpm/pnpm/releases/assets/487422122"
provenance = "github-attestations"

[tools.pnpm."platforms.linux-x64-musl"]
checksum = "sha256:db2e4eeecab336bd41bbbc7a39626b166f1a15bb189efcf6a1dafdf159f23fe7"
url = "https://github.com/pnpm/pnpm/releases/download/v11.17.0/pnpm-linux-x64-musl.tar.gz"
url_api = "https://api.github.com/repos/pnpm/pnpm/releases/assets/487422116"
provenance = "github-attestations"

[tools.pnpm."platforms.macos-arm64"]
checksum = "sha256:1e9a35d76f9d382af365d95c64f3abf7815e24350653f5bb1a37e4546265bc2b"
url = "https://github.com/pnpm/pnpm/releases/download/v11.17.0/pnpm-darwin-arm64.tar.gz"
url_api = "https://api.github.com/repos/pnpm/pnpm/releases/assets/487422117"
provenance = "github-attestations"

[tools.pnpm."platforms.windows-x64"]
checksum = "sha256:3025c174a6dcffec14a071a5c854cb0c350a09a8c7c2857a75f75cc7b29b939c"
url = "https://github.com/pnpm/pnpm/releases/download/v11.17.0/pnpm-win32-x64.zip"
url_api = "https://api.github.com/repos/pnpm/pnpm/releases/assets/487422118"
provenance = "github-attestations"
